hash: 68abf2ebb78244c6f5e0fd77d3cc38c56462b33e5aecfbd5ce9d9693deface4f
updated: 2016-08-18T14:47:31.72466536-04:00
imports: []
testImports:
- name: github.com/davecgh/go-spew
  version: 2df174808ee097f90d259e432cc04442cf60be21
  subpackages:
  - spew
- name: github.com/pmezard/go-difflib
  version: d8ed2627bdf02c080bf22230dbb337003b7aba2d
  subpackages:
  - difflib
- name: github.com/stretchr/testify
  version: f390dcf405f7b83c997eac1b06768bb9f44dec18
  subpackages:
  - assert
